
Microsoft Visual Studio Solution File, Format Version 12.00
# Visual Studio Version 16
VisualStudioVersion = 16.0.28803.202
MinimumVisualStudioVersion = 10.0.40219.1
Project("{FAE04EC0-301F-11D3-BF4B-00C04F79EFBC}") = "WpfApp1", "WpfApp1.csproj", "{CA317D3D-3B69-4FF6-A4CF-5C18130C02C0}"
EndProject
Global
	GlobalSection(SolutionConfigurationPlatforms) = preSolution
		Debug|Any CPU = Debug|Any CPU
		Release|Any CPU = Release|Any CPU
	EndGlobalSection
	GlobalSection(ProjectConfigurationPlatforms) = postSolution
		{CA317D3D-3B69-4FF6-A4CF-5C18130C02C0}.Debug|Any CPU.ActiveCfg = Debug|Any CPU
		{CA317D3D-3B69-4FF6-A4CF-5C18130C02C0}.Debug|Any CPU.Build.0 = Debug|Any CPU
		{CA317D3D-3B69-4FF6-A4CF-5C18130C02C0}.Release|Any CPU.ActiveCfg = Release|Any CPU
		{CA317D3D-3B69-4FF6-A4CF-5C18130C02C0}.Release|Any CPU.Build.0 = Release|Any CPU
	EndGlobalSection
	GlobalSection(SolutionProperties) = preSolution
		HideSolutionNode = FALSE
	EndGlobalSection
	GlobalSection(ExtensibilityGlobals) = postSolution
		SolutionGuid = {7DC6FAF0-DD8B-4DE6-A521-169440D66C3C}
	EndGlobalSection
EndGlobal
